
Microsoft Visual Studio Solution File, Format Version 12.00
# Visual Studio Version 16
VisualStudioVersion = 16.0.28729.10
MinimumVisualStudioVersion = 10.0.40219.1
Project("{FAE04EC0-301F-11D3-BF4B-00C04F79EFBC}") = "RegistrationAndLogin", "RegistrationAndLogin.csproj", "{00BCA983-6402-4455-A710-63899D77DF95}"
EndProject
Global
	GlobalSection(SolutionConfigurationPlatforms) = preSolution
		Debug|Any CPU = Debug|Any CPU
		Release|Any CPU = Release|Any CPU
	EndGlobalSection
	GlobalSection(ProjectConfigurationPlatforms) = postSolution
		{00BCA983-6402-4455-A710-63899D77DF95}.Debug|Any CPU.ActiveCfg = Debug|Any CPU
		{00BCA983-6402-4455-A710-63899D77DF95}.Debug|Any CPU.Build.0 = Debug|Any CPU
		{00BCA983-6402-4455-A710-63899D77DF95}.Release|Any CPU.ActiveCfg = Release|Any CPU
		{00BCA983-6402-4455-A710-63899D77DF95}.Release|Any CPU.Build.0 = Release|Any CPU
	EndGlobalSection
	GlobalSection(SolutionProperties) = preSolution
		HideSolutionNode = FALSE
	EndGlobalSection
	GlobalSection(ExtensibilityGlobals) = postSolution
		SolutionGuid = {5A0C6A82-FAA3-4F54-83CC-C6E1B9D99F90}
	EndGlobalSection
EndGlobal
